
Microsoft Visual Studio Solution File, Format Version 12.00
# Visual Studio Version 16
VisualStudioVersion = 16.0.29409.12
MinimumVisualStudioVersion = 10.0.40219.1
Project("{FAE04EC0-301F-11D3-BF4B-00C04F79EFBC}") = "vsconsoleoutput.plugin.vs", "vsconsoleoutput.plugin.vs\vsconsoleoutput.plugin.vs.csproj", "{C025041D-E20E-46BF-8CBA-2C37F1BFF9FA}"
	ProjectSection(ProjectDependencies) = postProject
		{DD4B6477-DE37-4D52-B23B-4FBFC8E026B1} = {DD4B6477-DE37-4D52-B23B-4FBFC8E026B1}
		{2F0173FD-0E34-44EC-9826-CC7BFD1345D9} = {2F0173FD-0E34-44EC-9826-CC7BFD1345D9}
	EndProjectSection
EndProject
Project("{9A19103F-16F7-4668-BE54-9A1E7A4F7556}") = "console.proxy.cs", "console.proxy.cs\console.proxy.cs.csproj", "{2F0173FD-0E34-44EC-9826-CC7BFD1345D9}"
EndProject
Project("{8BC9CEB8-8B4A-11D0-8D11-00A0C91BC942}") = "console.proxy.cpp", "console.proxy.cpp\console.proxy.cpp.vcxproj", "{DD4B6477-DE37-4D52-B23B-4FBFC8E026B1}"
EndProject
Global
	GlobalSection(SolutionConfigurationPlatforms) = preSolution
		Debug|Any CPU = Debug|Any CPU
		Debug|x64 = Debug|x64
		Debug|x86 = Debug|x86
		Release|Any CPU = Release|Any CPU
		Release|x64 = Release|x64
		Release|x86 = Release|x86
	EndGlobalSection
	GlobalSection(ProjectConfigurationPlatforms) = postSolution
		{C025041D-E20E-46BF-8CBA-2C37F1BFF9FA}.Debug|Any CPU.ActiveCfg = Debug|Any CPU
		{C025041D-E20E-46BF-8CBA-2C37F1BFF9FA}.Debug|Any CPU.Build.0 = Debug|Any CPU
		{C025041D-E20E-46BF-8CBA-2C37F1BFF9FA}.Debug|x64.ActiveCfg = Debug|Any CPU
		{C025041D-E20E-46BF-8CBA-2C37F1BFF9FA}.Debug|x64.Build.0 = Debug|Any CPU
		{C025041D-E20E-46BF-8CBA-2C37F1BFF9FA}.Debug|x86.ActiveCfg = Debug|Any CPU
		{C025041D-E20E-46BF-8CBA-2C37F1BFF9FA}.Debug|x86.Build.0 = Debug|Any CPU
		{C025041D-E20E-46BF-8CBA-2C37F1BFF9FA}.Release|Any CPU.ActiveCfg = Release|Any CPU
		{C025041D-E20E-46BF-8CBA-2C37F1BFF9FA}.Release|Any CPU.Build.0 = Release|Any CPU
		{C025041D-E20E-46BF-8CBA-2C37F1BFF9FA}.Release|x64.ActiveCfg = Release|Any CPU
		{C025041D-E20E-46BF-8CBA-2C37F1BFF9FA}.Release|x64.Build.0 = Release|Any CPU
		{C025041D-E20E-46BF-8CBA-2C37F1BFF9FA}.Release|x86.ActiveCfg = Release|Any CPU
		{C025041D-E20E-46BF-8CBA-2C37F1BFF9FA}.Release|x86.Build.0 = Release|Any CPU
		{2F0173FD-0E34-44EC-9826-CC7BFD1345D9}.Debug|Any CPU.ActiveCfg = Debug|Any CPU
		{2F0173FD-0E34-44EC-9826-CC7BFD1345D9}.Debug|Any CPU.Build.0 = Debug|Any CPU
		{2F0173FD-0E34-44EC-9826-CC7BFD1345D9}.Debug|x64.ActiveCfg = Debug|Any CPU
		{2F0173FD-0E34-44EC-9826-CC7BFD1345D9}.Debug|x64.Build.0 = Debug|Any CPU
		{2F0173FD-0E34-44EC-9826-CC7BFD1345D9}.Debug|x86.ActiveCfg = Debug|Any CPU
		{2F0173FD-0E34-44EC-9826-CC7BFD1345D9}.Debug|x86.Build.0 = Debug|Any CPU
		{2F0173FD-0E34-44EC-9826-CC7BFD1345D9}.Release|Any CPU.ActiveCfg = Release|Any CPU
		{2F0173FD-0E34-44EC-9826-CC7BFD1345D9}.Release|Any CPU.Build.0 = Release|Any CPU
		{2F0173FD-0E34-44EC-9826-CC7BFD1345D9}.Release|x64.ActiveCfg = Release|Any CPU
		{2F0173FD-0E34-44EC-9826-CC7BFD1345D9}.Release|x64.Build.0 = Release|Any CPU
		{2F0173FD-0E34-44EC-9826-CC7BFD1345D9}.Release|x86.ActiveCfg = Release|Any CPU
		{2F0173FD-0E34-44EC-9826-CC7BFD1345D9}.Release|x86.Build.0 = Release|Any CPU
		{DD4B6477-DE37-4D52-B23B-4FBFC8E026B1}.Debug|Any CPU.ActiveCfg = Debug|Win32
		{DD4B6477-DE37-4D52-B23B-4FBFC8E026B1}.Debug|Any CPU.Build.0 = Debug|Win32
		{DD4B6477-DE37-4D52-B23B-4FBFC8E026B1}.Debug|x64.ActiveCfg = Debug|x64
		{DD4B6477-DE37-4D52-B23B-4FBFC8E026B1}.Debug|x64.Build.0 = Debug|x64
		{DD4B6477-DE37-4D52-B23B-4FBFC8E026B1}.Debug|x86.ActiveCfg = Debug|Win32
		{DD4B6477-DE37-4D52-B23B-4FBFC8E026B1}.Debug|x86.Build.0 = Debug|Win32
		{DD4B6477-DE37-4D52-B23B-4FBFC8E026B1}.Release|Any CPU.ActiveCfg = Release|Win32
		{DD4B6477-DE37-4D52-B23B-4FBFC8E026B1}.Release|Any CPU.Build.0 = Release|Win32
		{DD4B6477-DE37-4D52-B23B-4FBFC8E026B1}.Release|x64.ActiveCfg = Release|x64
		{DD4B6477-DE37-4D52-B23B-4FBFC8E026B1}.Release|x64.Build.0 = Release|x64
		{DD4B6477-DE37-4D52-B23B-4FBFC8E026B1}.Release|x86.ActiveCfg = Release|Win32
		{DD4B6477-DE37-4D52-B23B-4FBFC8E026B1}.Release|x86.Build.0 = Release|Win32
	EndGlobalSection
	GlobalSection(SolutionProperties) = preSolution
		HideSolutionNode = FALSE
	EndGlobalSection
	GlobalSection(ExtensibilityGlobals) = postSolution
		SolutionGuid = {097A040A-1F12-4159-A204-414FDF146125}
	EndGlobalSection
EndGlobal
